
Microsoft Visual Studio Solution File, Format Version 12.00
# Visual Studio Version 17
VisualStudioVersion = 17.13.35913.81 d17.13
MinimumVisualStudioVersion = 10.0.40219.1
Project("{FAE04EC0-301F-11D3-BF4B-00C04F79EFBC}") = "asp_mvc_app", "asp_mvc_app.csproj", "{415B142D-3A93-44C4-9D21-C3B9C78582DF}"
EndProject
Global
	GlobalSection(SolutionConfigurationPlatforms) = preSolution
		Debug|Any CPU = Debug|Any CPU
		Release|Any CPU = Release|Any CPU
	EndGlobalSection
	GlobalSection(ProjectConfigurationPlatforms) = postSolution
		{415B142D-3A93-44C4-9D21-C3B9C78582DF}.Debug|Any CPU.ActiveCfg = Debug|Any CPU
		{415B142D-3A93-44C4-9D21-C3B9C78582DF}.Debug|Any CPU.Build.0 = Debug|Any CPU
		{415B142D-3A93-44C4-9D21-C3B9C78582DF}.Release|Any CPU.ActiveCfg = Release|Any CPU
		{415B142D-3A93-44C4-9D21-C3B9C78582DF}.Release|Any CPU.Build.0 = Release|Any CPU
	EndGlobalSection
	GlobalSection(SolutionProperties) = preSolution
		HideSolutionNode = FALSE
	EndGlobalSection
	GlobalSection(ExtensibilityGlobals) = postSolution
		SolutionGuid = {7BFDCD15-13AF-4B43-8FCF-0D772C64C525}
	EndGlobalSection
EndGlobal
